Microsoft Visual Studio Solution File, Format Version 12.00
# Visual Studio Version 17
VisualStudioVersion = 17.5.2.0
MinimumVisualStudioVersion = 10.0.40219.1
Project("{2150E333-8FDC-42A3-9474-1A3956D46DE8}") = "SmartAIProxy.NET", "SmartAIProxy.NET", "{0236F9D7-46BD-63BE-9E4F-ADFF441A9856}"
EndProject
Project("{FAE04EC0-301F-11D3-BF4B-00C04F79EFBC}") = "SmartAIProxy", "SmartAIProxy.NET\SmartAIProxy\SmartAIProxy.csproj", "{54CDC241-37AD-74B7-97F8-AB858205733B}"
EndProject
Project("{FAE04EC0-301F-11D3-BF4B-00C04F79EFBC}") = "SmartAIProxy.Tests", "SmartAIProxy.NET\SmartAIProxy.Tests\SmartAIProxy.Tests.csproj", "{003DC657-1536-8E8E-882F-38C0AB633091}"
EndProject
Global
	GlobalSection(SolutionConfigurationPlatforms) = preSolution
		Debug|Any CPU = Debug|Any CPU
		Release|Any CPU = Release|Any CPU
	EndGlobalSection
	GlobalSection(ProjectConfigurationPlatforms) = postSolution
		{54CDC241-37AD-74B7-97F8-AB858205733B}.Debug|Any CPU.ActiveCfg = Debug|Any CPU
		{54CDC241-37AD-74B7-97F8-AB858205733B}.Debug|Any CPU.Build.0 = Debug|Any CPU
		{54CDC241-37AD-74B7-97F8-AB858205733B}.Release|Any CPU.ActiveCfg = Release|Any CPU
		{54CDC241-37AD-74B7-97F8-AB858205733B}.Release|Any CPU.Build.0 = Release|Any CPU
		{003DC657-1536-8E8E-882F-38C0AB633091}.Debug|Any CPU.ActiveCfg = Debug|Any CPU
		{003DC657-1536-8E8E-882F-38C0AB633091}.Debug|Any CPU.Build.0 = Debug|Any CPU
		{003DC657-1536-8E8E-882F-38C0AB633091}.Release|Any CPU.ActiveCfg = Release|Any CPU
		{003DC657-1536-8E8E-882F-38C0AB633091}.Release|Any CPU.Build.0 = Release|Any CPU
	EndGlobalSection
	GlobalSection(SolutionProperties) = preSolution
		HideSolutionNode = FALSE
	EndGlobalSection
	GlobalSection(NestedProjects) = preSolution
		{54CDC241-37AD-74B7-97F8-AB858205733B} = {0236F9D7-46BD-63BE-9E4F-ADFF441A9856}
		{003DC657-1536-8E8E-882F-38C0AB633091} = {0236F9D7-46BD-63BE-9E4F-ADFF441A9856}
	EndGlobalSection
	GlobalSection(ExtensibilityGlobals) = postSolution
		SolutionGuid = {9C6BAA83-C8DF-4AFC-BAD7-069AEAE5FD41}
	EndGlobalSection
EndGlobal
